Microsoft Visual Studio Solution File, Format Version 12.00
# Visual Studio Version 16
VisualStudioVersion = 16.0.0.0
MinimumVisualStudioVersion = 16.0.0.0
Project("{9A19103F-16F7-4668-BE54-9A1E7A4F7556}") = "Plume.UI", "Plume.UI\Plume.UI.csproj", "{2A4DBB02-055E-4B99-A9EC-87AA6111A47D}"
EndProject
Project("{9A19103F-16F7-4668-BE54-9A1E7A4F7556}") = "Plume.UI.Client", "Plume.UI.Client\Plume.UI.Client.csproj", "{EE9CFF61-FD4C-47E8-B0AD-9C4D806C2777}"
EndProject
Project("{2150E333-8FDC-42A3-9474-1A3956D46DE8}") = "Src", "Src", "{A9C49144-E791-41E0-8BCF-7C86F67ABEFF}"
EndProject
Project("{2150E333-8FDC-42A3-9474-1A3956D46DE8}") = "Test", "Test", "{7A71C77F-2F7E-4E50-BCF5-B192C1349043}"
EndProject
Project("{2150E333-8FDC-42A3-9474-1A3956D46DE8}") = "1.Core", "1.Core", "{A2317AED-622F-4105-A29B-BD48BDA3EF27}"
EndProject
Project("{2150E333-8FDC-42A3-9474-1A3956D46DE8}") = "2.Infrastructure", "2.Infrastructure", "{1F3321C1-4133-4A0B-9804-1F837013FE38}"
EndProject
Project("{2150E333-8FDC-42A3-9474-1A3956D46DE8}") = "3.Api", "3.Api", "{0FA97234-74C8-4CE8-B7D5-FBF83BE8E711}"
EndProject
Project("{2150E333-8FDC-42A3-9474-1A3956D46DE8}") = "4.UI", "4.UI", "{CC3C2EA8-70CE-4742-A3E8-609AA04530E8}"
EndProject
Project("{2150E333-8FDC-42A3-9474-1A3956D46DE8}") = "5.Shared", "5.Shared", "{AF8F19D6-5430-4DB3-9816-BC83D154C159}"
EndProject
Project("{FAE04EC0-301F-11D3-BF4B-00C04F79EFBC}") = "Plume.Domain", "Plume.Domain\Plume.Domain.csproj", "{845F4AD7-C19D-430B-A990-9C09415699E9}"
EndProject
Project("{FAE04EC0-301F-11D3-BF4B-00C04F79EFBC}") = "Plume.Application", "Plume.Application\Plume.Application.csproj", "{30F57B22-DEC3-4A2A-BA84-3DB188CF8146}"
EndProject
Project("{FAE04EC0-301F-11D3-BF4B-00C04F79EFBC}") = "Plume.Identity", "Plume.Identity\Plume.Identity.csproj", "{6A16E3B9-1A05-4A2E-BBE8-A6AFDA7FE19B}"
EndProject
Project("{FAE04EC0-301F-11D3-BF4B-00C04F79EFBC}") = "Plume.Infrastructure", "Plume.Infrastructure\Plume.Infrastructure.csproj", "{16600A9A-9801-4C04-ADBF-0804458B4208}"
EndProject
Project("{FAE04EC0-301F-11D3-BF4B-00C04F79EFBC}") = "Plume.Persistence", "Plume.Persistence\Plume.Persistence.csproj", "{3BFFC231-4350-4840-AD79-909959432896}"
EndProject
Project("{FAE04EC0-301F-11D3-BF4B-00C04F79EFBC}") = "Plume.Api", "Plume.Api\Plume.Api.csproj", "{C3728468-9DE6-4437-851B-9DEA693E619D}"
EndProject
Project("{FAE04EC0-301F-11D3-BF4B-00C04F79EFBC}") = "Contract", "Contract\Contract.csproj", "{C9C6097D-82A2-4F51-A05D-90B3F22137EF}"
EndProject
Global
	GlobalSection(SolutionConfigurationPlatforms) = preSolution
		Debug|Any CPU = Debug|Any CPU
		Debug|x64 = Debug|x64
		Debug|x86 = Debug|x86
		Release|Any CPU = Release|Any CPU
		Release|x64 = Release|x64
		Release|x86 = Release|x86
	EndGlobalSection
	GlobalSection(ProjectConfigurationPlatforms) = postSolution
		{EE9CFF61-FD4C-47E8-B0AD-9C4D806C2777}.Debug|Any CPU.ActiveCfg = Debug|Any CPU
		{EE9CFF61-FD4C-47E8-B0AD-9C4D806C2777}.Debug|Any CPU.Build.0 = Debug|Any CPU
		{EE9CFF61-FD4C-47E8-B0AD-9C4D806C2777}.Debug|x64.ActiveCfg = Debug|Any CPU
		{EE9CFF61-FD4C-47E8-B0AD-9C4D806C2777}.Debug|x64.Build.0 = Debug|Any CPU
		{EE9CFF61-FD4C-47E8-B0AD-9C4D806C2777}.Debug|x86.ActiveCfg = Debug|Any CPU
		{EE9CFF61-FD4C-47E8-B0AD-9C4D806C2777}.Debug|x86.Build.0 = Debug|Any CPU
		{EE9CFF61-FD4C-47E8-B0AD-9C4D806C2777}.Release|Any CPU.ActiveCfg = Release|Any CPU
		{EE9CFF61-FD4C-47E8-B0AD-9C4D806C2777}.Release|Any CPU.Build.0 = Release|Any CPU
		{EE9CFF61-FD4C-47E8-B0AD-9C4D806C2777}.Release|x64.ActiveCfg = Release|Any CPU
		{EE9CFF61-FD4C-47E8-B0AD-9C4D806C2777}.Release|x64.Build.0 = Release|Any CPU
		{EE9CFF61-FD4C-47E8-B0AD-9C4D806C2777}.Release|x86.ActiveCfg = Release|Any CPU
		{EE9CFF61-FD4C-47E8-B0AD-9C4D806C2777}.Release|x86.Build.0 = Release|Any CPU
		{2A4DBB02-055E-4B99-A9EC-87AA6111A47D}.Debug|Any CPU.ActiveCfg = Debug|Any CPU
		{2A4DBB02-055E-4B99-A9EC-87AA6111A47D}.Debug|Any CPU.Build.0 = Debug|Any CPU
		{2A4DBB02-055E-4B99-A9EC-87AA6111A47D}.Debug|x64.ActiveCfg = Debug|Any CPU
		{2A4DBB02-055E-4B99-A9EC-87AA6111A47D}.Debug|x64.Build.0 = Debug|Any CPU
		{2A4DBB02-055E-4B99-A9EC-87AA6111A47D}.Debug|x86.ActiveCfg = Debug|Any CPU
		{2A4DBB02-055E-4B99-A9EC-87AA6111A47D}.Debug|x86.Build.0 = Debug|Any CPU
		{2A4DBB02-055E-4B99-A9EC-87AA6111A47D}.Release|Any CPU.ActiveCfg = Release|Any CPU
		{2A4DBB02-055E-4B99-A9EC-87AA6111A47D}.Release|Any CPU.Build.0 = Release|Any CPU
		{2A4DBB02-055E-4B99-A9EC-87AA6111A47D}.Release|x64.ActiveCfg = Release|Any CPU
		{2A4DBB02-055E-4B99-A9EC-87AA6111A47D}.Release|x64.Build.0 = Release|Any CPU
		{2A4DBB02-055E-4B99-A9EC-87AA6111A47D}.Release|x86.ActiveCfg = Release|Any CPU
		{2A4DBB02-055E-4B99-A9EC-87AA6111A47D}.Release|x86.Build.0 = Release|Any CPU
		{845F4AD7-C19D-430B-A990-9C09415699E9}.Debug|Any CPU.ActiveCfg = Debug|Any CPU
		{845F4AD7-C19D-430B-A990-9C09415699E9}.Debug|Any CPU.Build.0 = Debug|Any CPU
		{845F4AD7-C19D-430B-A990-9C09415699E9}.Debug|x64.ActiveCfg = Debug|Any CPU
		{845F4AD7-C19D-430B-A990-9C09415699E9}.Debug|x64.Build.0 = Debug|Any CPU
		{845F4AD7-C19D-430B-A990-9C09415699E9}.Debug|x86.ActiveCfg = Debug|Any CPU
		{845F4AD7-C19D-430B-A990-9C09415699E9}.Debug|x86.Build.0 = Debug|Any CPU
		{845F4AD7-C19D-430B-A990-9C09415699E9}.Release|Any CPU.ActiveCfg = Release|Any CPU
		{845F4AD7-C19D-430B-A990-9C09415699E9}.Release|Any CPU.Build.0 = Release|Any CPU
		{845F4AD7-C19D-430B-A990-9C09415699E9}.Release|x64.ActiveCfg = Release|Any CPU
		{845F4AD7-C19D-430B-A990-9C09415699E9}.Release|x64.Build.0 = Release|Any CPU
		{845F4AD7-C19D-430B-A990-9C09415699E9}.Release|x86.ActiveCfg = Release|Any CPU
		{845F4AD7-C19D-430B-A990-9C09415699E9}.Release|x86.Build.0 = Release|Any CPU
		{30F57B22-DEC3-4A2A-BA84-3DB188CF8146}.Debug|Any CPU.ActiveCfg = Debug|Any CPU
		{30F57B22-DEC3-4A2A-BA84-3DB188CF8146}.Debug|Any CPU.Build.0 = Debug|Any CPU
		{30F57B22-DEC3-4A2A-BA84-3DB188CF8146}.Debug|x64.ActiveCfg = Debug|Any CPU
		{30F57B22-DEC3-4A2A-BA84-3DB188CF8146}.Debug|x64.Build.0 = Debug|Any CPU
		{30F57B22-DEC3-4A2A-BA84-3DB188CF8146}.Debug|x86.ActiveCfg = Debug|Any CPU
		{30F57B22-DEC3-4A2A-BA84-3DB188CF8146}.Debug|x86.Build.0 = Debug|Any CPU
		{30F57B22-DEC3-4A2A-BA84-3DB188CF8146}.Release|Any CPU.ActiveCfg = Release|Any CPU
		{30F57B22-DEC3-4A2A-BA84-3DB188CF8146}.Release|Any CPU.Build.0 = Release|Any CPU
		{30F57B22-DEC3-4A2A-BA84-3DB188CF8146}.Release|x64.ActiveCfg = Release|Any CPU
		{30F57B22-DEC3-4A2A-BA84-3DB188CF8146}.Release|x64.Build.0 = Release|Any CPU
		{30F57B22-DEC3-4A2A-BA84-3DB188CF8146}.Release|x86.ActiveCfg = Release|Any CPU
		{30F57B22-DEC3-4A2A-BA84-3DB188CF8146}.Release|x86.Build.0 = Release|Any CPU
		{6A16E3B9-1A05-4A2E-BBE8-A6AFDA7FE19B}.Debug|Any CPU.ActiveCfg = Debug|Any CPU
		{6A16E3B9-1A05-4A2E-BBE8-A6AFDA7FE19B}.Debug|Any CPU.Build.0 = Debug|Any CPU
		{6A16E3B9-1A05-4A2E-BBE8-A6AFDA7FE19B}.Debug|x64.ActiveCfg = Debug|Any CPU
		{6A16E3B9-1A05-4A2E-BBE8-A6AFDA7FE19B}.Debug|x64.Build.0 = Debug|Any CPU
		{6A16E3B9-1A05-4A2E-BBE8-A6AFDA7FE19B}.Debug|x86.ActiveCfg = Debug|Any CPU
		{6A16E3B9-1A05-4A2E-BBE8-A6AFDA7FE19B}.Debug|x86.Build.0 = Debug|Any CPU
		{6A16E3B9-1A05-4A2E-BBE8-A6AFDA7FE19B}.Release|Any CPU.ActiveCfg = Release|Any CPU
		{6A16E3B9-1A05-4A2E-BBE8-A6AFDA7FE19B}.Release|Any CPU.Build.0 = Release|Any CPU
		{6A16E3B9-1A05-4A2E-BBE8-A6AFDA7FE19B}.Release|x64.ActiveCfg = Release|Any CPU
		{6A16E3B9-1A05-4A2E-BBE8-A6AFDA7FE19B}.Release|x64.Build.0 = Release|Any CPU
		{6A16E3B9-1A05-4A2E-BBE8-A6AFDA7FE19B}.Release|x86.ActiveCfg = Release|Any CPU
		{6A16E3B9-1A05-4A2E-BBE8-A6AFDA7FE19B}.Release|x86.Build.0 = Release|Any CPU
		{16600A9A-9801-4C04-ADBF-0804458B4208}.Debug|Any CPU.ActiveCfg = Debug|Any CPU
		{16600A9A-9801-4C04-ADBF-0804458B4208}.Debug|Any CPU.Build.0 = Debug|Any CPU
		{16600A9A-9801-4C04-ADBF-0804458B4208}.Debug|x64.ActiveCfg = Debug|Any CPU
		{16600A9A-9801-4C04-ADBF-0804458B4208}.Debug|x64.Build.0 = Debug|Any CPU
		{16600A9A-9801-4C04-ADBF-0804458B4208}.Debug|x86.ActiveCfg = Debug|Any CPU
		{16600A9A-9801-4C04-ADBF-0804458B4208}.Debug|x86.Build.0 = Debug|Any CPU
		{16600A9A-9801-4C04-ADBF-0804458B4208}.Release|Any CPU.ActiveCfg = Release|Any CPU
		{16600A9A-9801-4C04-ADBF-0804458B4208}.Release|Any CPU.Build.0 = Release|Any CPU
		{16600A9A-9801-4C04-ADBF-0804458B4208}.Release|x64.ActiveCfg = Release|Any CPU
		{16600A9A-9801-4C04-ADBF-0804458B4208}.Release|x64.Build.0 = Release|Any CPU
		{16600A9A-9801-4C04-ADBF-0804458B4208}.Release|x86.ActiveCfg = Release|Any CPU
		{16600A9A-9801-4C04-ADBF-0804458B4208}.Release|x86.Build.0 = Release|Any CPU
		{3BFFC231-4350-4840-AD79-909959432896}.Debug|Any CPU.ActiveCfg = Debug|Any CPU
		{3BFFC231-4350-4840-AD79-909959432896}.Debug|Any CPU.Build.0 = Debug|Any CPU
		{3BFFC231-4350-4840-AD79-909959432896}.Debug|x64.ActiveCfg = Debug|Any CPU
		{3BFFC231-4350-4840-AD79-909959432896}.Debug|x64.Build.0 = Debug|Any CPU
		{3BFFC231-4350-4840-AD79-909959432896}.Debug|x86.ActiveCfg = Debug|Any CPU
		{3BFFC231-4350-4840-AD79-909959432896}.Debug|x86.Build.0 = Debug|Any CPU
		{3BFFC231-4350-4840-AD79-909959432896}.Release|Any CPU.ActiveCfg = Release|Any CPU
		{3BFFC231-4350-4840-AD79-909959432896}.Release|Any CPU.Build.0 = Release|Any CPU
		{3BFFC231-4350-4840-AD79-909959432896}.Release|x64.ActiveCfg = Release|Any CPU
		{3BFFC231-4350-4840-AD79-909959432896}.Release|x64.Build.0 = Release|Any CPU
		{3BFFC231-4350-4840-AD79-909959432896}.Release|x86.ActiveCfg = Release|Any CPU
		{3BFFC231-4350-4840-AD79-909959432896}.Release|x86.Build.0 = Release|Any CPU
		{C3728468-9DE6-4437-851B-9DEA693E619D}.Debug|Any CPU.ActiveCfg = Debug|Any CPU
		{C3728468-9DE6-4437-851B-9DEA693E619D}.Debug|Any CPU.Build.0 = Debug|Any CPU
		{C3728468-9DE6-4437-851B-9DEA693E619D}.Debug|x64.ActiveCfg = Debug|Any CPU
		{C3728468-9DE6-4437-851B-9DEA693E619D}.Debug|x64.Build.0 = Debug|Any CPU
		{C3728468-9DE6-4437-851B-9DEA693E619D}.Debug|x86.ActiveCfg = Debug|Any CPU
		{C3728468-9DE6-4437-851B-9DEA693E619D}.Debug|x86.Build.0 = Debug|Any CPU
		{C3728468-9DE6-4437-851B-9DEA693E619D}.Release|Any CPU.ActiveCfg = Release|Any CPU
		{C3728468-9DE6-4437-851B-9DEA693E619D}.Release|Any CPU.Build.0 = Release|Any CPU
		{C3728468-9DE6-4437-851B-9DEA693E619D}.Release|x64.ActiveCfg = Release|Any CPU
		{C3728468-9DE6-4437-851B-9DEA693E619D}.Release|x64.Build.0 = Release|Any CPU
		{C3728468-9DE6-4437-851B-9DEA693E619D}.Release|x86.ActiveCfg = Release|Any CPU
		{C3728468-9DE6-4437-851B-9DEA693E619D}.Release|x86.Build.0 = Release|Any CPU
		{C9C6097D-82A2-4F51-A05D-90B3F22137EF}.Debug|Any CPU.ActiveCfg = Debug|Any CPU
		{C9C6097D-82A2-4F51-A05D-90B3F22137EF}.Debug|Any CPU.Build.0 = Debug|Any CPU
		{C9C6097D-82A2-4F51-A05D-90B3F22137EF}.Debug|x64.ActiveCfg = Debug|Any CPU
		{C9C6097D-82A2-4F51-A05D-90B3F22137EF}.Debug|x64.Build.0 = Debug|Any CPU
		{C9C6097D-82A2-4F51-A05D-90B3F22137EF}.Debug|x86.ActiveCfg = Debug|Any CPU
		{C9C6097D-82A2-4F51-A05D-90B3F22137EF}.Debug|x86.Build.0 = Debug|Any CPU
		{C9C6097D-82A2-4F51-A05D-90B3F22137EF}.Release|Any CPU.ActiveCfg = Release|Any CPU
		{C9C6097D-82A2-4F51-A05D-90B3F22137EF}.Release|Any CPU.Build.0 = Release|Any CPU
		{C9C6097D-82A2-4F51-A05D-90B3F22137EF}.Release|x64.ActiveCfg = Release|Any CPU
		{C9C6097D-82A2-4F51-A05D-90B3F22137EF}.Release|x64.Build.0 = Release|Any CPU
		{C9C6097D-82A2-4F51-A05D-90B3F22137EF}.Release|x86.ActiveCfg = Release|Any CPU
		{C9C6097D-82A2-4F51-A05D-90B3F22137EF}.Release|x86.Build.0 = Release|Any CPU
	EndGlobalSection
	GlobalSection(SolutionProperties) = preSolution
		HideSolutionNode = FALSE
	EndGlobalSection
	GlobalSection(ExtensibilityGlobals) = postSolution
		SolutionGuid = {88DEBE2F-571A-4CE5-B300-136428F16CDC}
	EndGlobalSection
	GlobalSection(NestedProjects) = preSolution
		{A2317AED-622F-4105-A29B-BD48BDA3EF27} = {A9C49144-E791-41E0-8BCF-7C86F67ABEFF}
		{1F3321C1-4133-4A0B-9804-1F837013FE38} = {A9C49144-E791-41E0-8BCF-7C86F67ABEFF}
		{0FA97234-74C8-4CE8-B7D5-FBF83BE8E711} = {A9C49144-E791-41E0-8BCF-7C86F67ABEFF}
		{CC3C2EA8-70CE-4742-A3E8-609AA04530E8} = {A9C49144-E791-41E0-8BCF-7C86F67ABEFF}
		{AF8F19D6-5430-4DB3-9816-BC83D154C159} = {A9C49144-E791-41E0-8BCF-7C86F67ABEFF}
		{2A4DBB02-055E-4B99-A9EC-87AA6111A47D} = {CC3C2EA8-70CE-4742-A3E8-609AA04530E8}
		{EE9CFF61-FD4C-47E8-B0AD-9C4D806C2777} = {CC3C2EA8-70CE-4742-A3E8-609AA04530E8}
		{845F4AD7-C19D-430B-A990-9C09415699E9} = {A2317AED-622F-4105-A29B-BD48BDA3EF27}
		{30F57B22-DEC3-4A2A-BA84-3DB188CF8146} = {A2317AED-622F-4105-A29B-BD48BDA3EF27}
		{6A16E3B9-1A05-4A2E-BBE8-A6AFDA7FE19B} = {1F3321C1-4133-4A0B-9804-1F837013FE38}
		{16600A9A-9801-4C04-ADBF-0804458B4208} = {1F3321C1-4133-4A0B-9804-1F837013FE38}
		{3BFFC231-4350-4840-AD79-909959432896} = {1F3321C1-4133-4A0B-9804-1F837013FE38}
		{C3728468-9DE6-4437-851B-9DEA693E619D} = {0FA97234-74C8-4CE8-B7D5-FBF83BE8E711}
		{C9C6097D-82A2-4F51-A05D-90B3F22137EF} = {AF8F19D6-5430-4DB3-9816-BC83D154C159}
	EndGlobalSection
EndGlobal
